
Microsoft Visual Studio Solution File, Format Version 12.00
# Visual Studio Version 16
VisualStudioVersion = 16.0.35325.158
MinimumVisualStudioVersion = 10.0.40219.1
Project("{9A19103F-16F7-4668-BE54-9A1E7A4F7556}") = "WheelAbsolute", "WheelAbsolute.csproj", "{49AA4F05-6051-46FF-B4FF-FB1271E4940B}"
EndProject
Global
	GlobalSection(SolutionConfigurationPlatforms) = preSolution
		Debug|Any CPU = Debug|Any CPU
		Release|Any CPU = Release|Any CPU
	EndGlobalSection
	GlobalSection(ProjectConfigurationPlatforms) = postSolution
		{49AA4F05-6051-46FF-B4FF-FB1271E4940B}.Debug|Any CPU.ActiveCfg = Debug|Any CPU
		{49AA4F05-6051-46FF-B4FF-FB1271E4940B}.Debug|Any CPU.Build.0 = Debug|Any CPU
		{49AA4F05-6051-46FF-B4FF-FB1271E4940B}.Release|Any CPU.ActiveCfg = Release|Any CPU
		{49AA4F05-6051-46FF-B4FF-FB1271E4940B}.Release|Any CPU.Build.0 = Release|Any CPU
	EndGlobalSection
	GlobalSection(SolutionProperties) = preSolution
		HideSolutionNode = FALSE
	EndGlobalSection
	GlobalSection(ExtensibilityGlobals) = postSolution
		SolutionGuid = {F6455A75-63C7-4BE5-9154-8D44887A6F2F}
	EndGlobalSection
EndGlobal
